
Microsoft Visual Studio Solution File, Format Version 12.00
# Visual Studio Version 17
VisualStudioVersion = 17.6.33829.357
MinimumVisualStudioVersion = 10.0.40219.1
Project("{FAE04EC0-301F-11D3-BF4B-00C04F79EFBC}") = "FR_TheComeback", "FR_TheComeback\FR_TheComeback.csproj", "{8373CDFB-EABC-4196-B6D7-328E1537F5BA}"
EndProject
Global
	GlobalSection(SolutionConfigurationPlatforms) = preSolution
		Debug|Any CPU = Debug|Any CPU
		Release|Any CPU = Release|Any CPU
	EndGlobalSection
	GlobalSection(ProjectConfigurationPlatforms) = postSolution
		{8373CDFB-EABC-4196-B6D7-328E1537F5BA}.Debug|Any CPU.ActiveCfg = Debug|Any CPU
		{8373CDFB-EABC-4196-B6D7-328E1537F5BA}.Debug|Any CPU.Build.0 = Debug|Any CPU
		{8373CDFB-EABC-4196-B6D7-328E1537F5BA}.Release|Any CPU.ActiveCfg = Release|Any CPU
		{8373CDFB-EABC-4196-B6D7-328E1537F5BA}.Release|Any CPU.Build.0 = Release|Any CPU
	EndGlobalSection
	GlobalSection(SolutionProperties) = preSolution
		HideSolutionNode = FALSE
	EndGlobalSection
	GlobalSection(ExtensibilityGlobals) = postSolution
		SolutionGuid = {3D8D699D-8BE6-41B0-8773-517D20499C54}
	EndGlobalSection
EndGlobal
